Microsoft Visual Studio Solution File, Format Version 12.00
# Visual Studio 2012
Project("{FAE04EC0-301F-11D3-BF4B-00C04F79EFBC}") = "Oppilaitosnaytto", "Oppilaitosnaytto.csproj", "{EA200BFC-B8BE-444B-B70E-22DD68F5F7DB}"
EndProject
Global
	GlobalSection(SolutionConfigurationPlatforms) = preSolution
	Debug|Any CPU = Debug|Any CPU
	ExportDebug|Any CPU = ExportDebug|Any CPU
	ExportRelease|Any CPU = ExportRelease|Any CPU
	EndGlobalSection
	GlobalSection(ProjectConfigurationPlatforms) = postSolution
		{EA200BFC-B8BE-444B-B70E-22DD68F5F7DB}.Debug|Any CPU.ActiveCfg = Debug|Any CPU
		{EA200BFC-B8BE-444B-B70E-22DD68F5F7DB}.Debug|Any CPU.Build.0 = Debug|Any CPU
		{EA200BFC-B8BE-444B-B70E-22DD68F5F7DB}.ExportDebug|Any CPU.ActiveCfg = ExportDebug|Any CPU
		{EA200BFC-B8BE-444B-B70E-22DD68F5F7DB}.ExportDebug|Any CPU.Build.0 = ExportDebug|Any CPU
		{EA200BFC-B8BE-444B-B70E-22DD68F5F7DB}.ExportRelease|Any CPU.ActiveCfg = ExportRelease|Any CPU
		{EA200BFC-B8BE-444B-B70E-22DD68F5F7DB}.ExportRelease|Any CPU.Build.0 = ExportRelease|Any CPU
	EndGlobalSection
EndGlobal
